
Microsoft Visual Studio Solution File, Format Version 12.00
# Visual Studio Version 16
VisualStudioVersion = 16.0.28803.352
MinimumVisualStudioVersion = 10.0.40219.1
Project("{FAE04EC0-301F-11D3-BF4B-00C04F79EFBC}") = "ChuckNorrisFacts2.UWP", "ChuckNorrisFacts2\ChuckNorrisFacts2.UWP\ChuckNorrisFacts2.UWP.csproj", "{31B16BAE-9D65-4C5D-B92F-6BBE455D818C}"
EndProject
Project("{FAE04EC0-301F-11D3-BF4B-00C04F79EFBC}") = "ChuckNorrisFacts2.Android", "ChuckNorrisFacts2\ChuckNorrisFacts2.Android\ChuckNorrisFacts2.Android.csproj", "{B5B3CF50-1DA7-48CA-9EA1-F24B0FE58AFC}"
EndProject
Project("{FAE04EC0-301F-11D3-BF4B-00C04F79EFBC}") = "ChuckNorrisFacts2.iOS", "ChuckNorrisFacts2\ChuckNorrisFacts2.iOS\ChuckNorrisFacts2.iOS.csproj", "{CFC76F16-AF69-433E-A769-130599A1C11B}"
EndProject
Project("{FAE04EC0-301F-11D3-BF4B-00C04F79EFBC}") = "ChuckNorrisFacts2", "ChuckNorrisFacts2\ChuckNorrisFacts2\ChuckNorrisFacts2.csproj", "{3B1E7D45-73E7-4942-B0E8-8F689B1DFD84}"
EndProject
Global
	GlobalSection(SolutionConfigurationPlatforms) = preSolution
		Debug|Any CPU = Debug|Any CPU
		Debug|ARM = Debug|ARM
		Debug|iPhone = Debug|iPhone
		Debug|iPhoneSimulator = Debug|iPhoneSimulator
		Debug|x64 = Debug|x64
		Debug|x86 = Debug|x86
		Release|Any CPU = Release|Any CPU
		Release|ARM = Release|ARM
		Release|iPhone = Release|iPhone
		Release|iPhoneSimulator = Release|iPhoneSimulator
		Release|x64 = Release|x64
		Release|x86 = Release|x86
	EndGlobalSection
	GlobalSection(ProjectConfigurationPlatforms) = postSolution
		{31B16BAE-9D65-4C5D-B92F-6BBE455D818C}.Debug|Any CPU.ActiveCfg = Debug|x86
		{31B16BAE-9D65-4C5D-B92F-6BBE455D818C}.Debug|Any CPU.Build.0 = Debug|x86
		{31B16BAE-9D65-4C5D-B92F-6BBE455D818C}.Debug|Any CPU.Deploy.0 = Debug|x86
		{31B16BAE-9D65-4C5D-B92F-6BBE455D818C}.Debug|ARM.ActiveCfg = Debug|ARM
		{31B16BAE-9D65-4C5D-B92F-6BBE455D818C}.Debug|ARM.Build.0 = Debug|ARM
		{31B16BAE-9D65-4C5D-B92F-6BBE455D818C}.Debug|ARM.Deploy.0 = Debug|ARM
		{31B16BAE-9D65-4C5D-B92F-6BBE455D818C}.Debug|iPhone.ActiveCfg = Debug|x86
		{31B16BAE-9D65-4C5D-B92F-6BBE455D818C}.Debug|iPhone.Build.0 = Debug|x86
		{31B16BAE-9D65-4C5D-B92F-6BBE455D818C}.Debug|iPhone.Deploy.0 = Debug|x86
		{31B16BAE-9D65-4C5D-B92F-6BBE455D818C}.Debug|iPhoneSimulator.ActiveCfg = Debug|x86
		{31B16BAE-9D65-4C5D-B92F-6BBE455D818C}.Debug|iPhoneSimulator.Build.0 = Debug|x86
		{31B16BAE-9D65-4C5D-B92F-6BBE455D818C}.Debug|iPhoneSimulator.Deploy.0 = Debug|x86
		{31B16BAE-9D65-4C5D-B92F-6BBE455D818C}.Debug|x64.ActiveCfg = Debug|x64
		{31B16BAE-9D65-4C5D-B92F-6BBE455D818C}.Debug|x64.Build.0 = Debug|x64
		{31B16BAE-9D65-4C5D-B92F-6BBE455D818C}.Debug|x64.Deploy.0 = Debug|x64
		{31B16BAE-9D65-4C5D-B92F-6BBE455D818C}.Debug|x86.ActiveCfg = Debug|x86
		{31B16BAE-9D65-4C5D-B92F-6BBE455D818C}.Debug|x86.Build.0 = Debug|x86
		{31B16BAE-9D65-4C5D-B92F-6BBE455D818C}.Debug|x86.Deploy.0 = Debug|x86
		{31B16BAE-9D65-4C5D-B92F-6BBE455D818C}.Release|Any CPU.ActiveCfg = Release|x86
		{31B16BAE-9D65-4C5D-B92F-6BBE455D818C}.Release|Any CPU.Build.0 = Release|x86
		{31B16BAE-9D65-4C5D-B92F-6BBE455D818C}.Release|Any CPU.Deploy.0 = Release|x86
		{31B16BAE-9D65-4C5D-B92F-6BBE455D818C}.Release|ARM.ActiveCfg = Release|ARM
		{31B16BAE-9D65-4C5D-B92F-6BBE455D818C}.Release|ARM.Build.0 = Release|ARM
		{31B16BAE-9D65-4C5D-B92F-6BBE455D818C}.Release|ARM.Deploy.0 = Release|ARM
		{31B16BAE-9D65-4C5D-B92F-6BBE455D818C}.Release|iPhone.ActiveCfg = Release|x86
		{31B16BAE-9D65-4C5D-B92F-6BBE455D818C}.Release|iPhone.Build.0 = Release|x86
		{31B16BAE-9D65-4C5D-B92F-6BBE455D818C}.Release|iPhone.Deploy.0 = Release|x86
		{31B16BAE-9D65-4C5D-B92F-6BBE455D818C}.Release|iPhoneSimulator.ActiveCfg = Release|x86
		{31B16BAE-9D65-4C5D-B92F-6BBE455D818C}.Release|iPhoneSimulator.Build.0 = Release|x86
		{31B16BAE-9D65-4C5D-B92F-6BBE455D818C}.Release|iPhoneSimulator.Deploy.0 = Release|x86
		{31B16BAE-9D65-4C5D-B92F-6BBE455D818C}.Release|x64.ActiveCfg = Release|x64
		{31B16BAE-9D65-4C5D-B92F-6BBE455D818C}.Release|x64.Build.0 = Release|x64
		{31B16BAE-9D65-4C5D-B92F-6BBE455D818C}.Release|x64.Deploy.0 = Release|x64
		{31B16BAE-9D65-4C5D-B92F-6BBE455D818C}.Release|x86.ActiveCfg = Release|x86
		{31B16BAE-9D65-4C5D-B92F-6BBE455D818C}.Release|x86.Build.0 = Release|x86
		{31B16BAE-9D65-4C5D-B92F-6BBE455D818C}.Release|x86.Deploy.0 = Release|x86
		{B5B3CF50-1DA7-48CA-9EA1-F24B0FE58AFC}.Debug|Any CPU.ActiveCfg = Debug|Any CPU
		{B5B3CF50-1DA7-48CA-9EA1-F24B0FE58AFC}.Debug|Any CPU.Build.0 = Debug|Any CPU
		{B5B3CF50-1DA7-48CA-9EA1-F24B0FE58AFC}.Debug|Any CPU.Deploy.0 = Debug|Any CPU
		{B5B3CF50-1DA7-48CA-9EA1-F24B0FE58AFC}.Debug|ARM.ActiveCfg = Debug|Any CPU
		{B5B3CF50-1DA7-48CA-9EA1-F24B0FE58AFC}.Debug|ARM.Build.0 = Debug|Any CPU
		{B5B3CF50-1DA7-48CA-9EA1-F24B0FE58AFC}.Debug|ARM.Deploy.0 = Debug|Any CPU
		{B5B3CF50-1DA7-48CA-9EA1-F24B0FE58AFC}.Debug|iPhone.ActiveCfg = Debug|Any CPU
		{B5B3CF50-1DA7-48CA-9EA1-F24B0FE58AFC}.Debug|iPhone.Build.0 = Debug|Any CPU
		{B5B3CF50-1DA7-48CA-9EA1-F24B0FE58AFC}.Debug|iPhone.Deploy.0 = Debug|Any CPU
		{B5B3CF50-1DA7-48CA-9EA1-F24B0FE58AFC}.Debug|iPhoneSimulator.ActiveCfg = Debug|Any CPU
		{B5B3CF50-1DA7-48CA-9EA1-F24B0FE58AFC}.Debug|iPhoneSimulator.Build.0 = Debug|Any CPU
		{B5B3CF50-1DA7-48CA-9EA1-F24B0FE58AFC}.Debug|iPhoneSimulator.Deploy.0 = Debug|Any CPU
		{B5B3CF50-1DA7-48CA-9EA1-F24B0FE58AFC}.Debug|x64.ActiveCfg = Debug|Any CPU
		{B5B3CF50-1DA7-48CA-9EA1-F24B0FE58AFC}.Debug|x64.Build.0 = Debug|Any CPU
		{B5B3CF50-1DA7-48CA-9EA1-F24B0FE58AFC}.Debug|x64.Deploy.0 = Debug|Any CPU
		{B5B3CF50-1DA7-48CA-9EA1-F24B0FE58AFC}.Debug|x86.ActiveCfg = Debug|Any CPU
		{B5B3CF50-1DA7-48CA-9EA1-F24B0FE58AFC}.Debug|x86.Build.0 = Debug|Any CPU
		{B5B3CF50-1DA7-48CA-9EA1-F24B0FE58AFC}.Debug|x86.Deploy.0 = Debug|Any CPU
		{B5B3CF50-1DA7-48CA-9EA1-F24B0FE58AFC}.Release|Any CPU.ActiveCfg = Release|Any CPU
		{B5B3CF50-1DA7-48CA-9EA1-F24B0FE58AFC}.Release|Any CPU.Build.0 = Release|Any CPU
		{B5B3CF50-1DA7-48CA-9EA1-F24B0FE58AFC}.Release|Any CPU.Deploy.0 = Release|Any CPU
		{B5B3CF50-1DA7-48CA-9EA1-F24B0FE58AFC}.Release|ARM.ActiveCfg = Release|Any CPU
		{B5B3CF50-1DA7-48CA-9EA1-F24B0FE58AFC}.Release|ARM.Build.0 = Release|Any CPU
		{B5B3CF50-1DA7-48CA-9EA1-F24B0FE58AFC}.Release|ARM.Deploy.0 = Release|Any CPU
		{B5B3CF50-1DA7-48CA-9EA1-F24B0FE58AFC}.Release|iPhone.ActiveCfg = Release|Any CPU
		{B5B3CF50-1DA7-48CA-9EA1-F24B0FE58AFC}.Release|iPhone.Build.0 = Release|Any CPU
		{B5B3CF50-1DA7-48CA-9EA1-F24B0FE58AFC}.Release|iPhone.Deploy.0 = Release|Any CPU
		{B5B3CF50-1DA7-48CA-9EA1-F24B0FE58AFC}.Release|iPhoneSimulator.ActiveCfg = Release|Any CPU
		{B5B3CF50-1DA7-48CA-9EA1-F24B0FE58AFC}.Release|iPhoneSimulator.Build.0 = Release|Any CPU
		{B5B3CF50-1DA7-48CA-9EA1-F24B0FE58AFC}.Release|iPhoneSimulator.Deploy.0 = Release|Any CPU
		{B5B3CF50-1DA7-48CA-9EA1-F24B0FE58AFC}.Release|x64.ActiveCfg = Release|Any CPU
		{B5B3CF50-1DA7-48CA-9EA1-F24B0FE58AFC}.Release|x64.Build.0 = Release|Any CPU
		{B5B3CF50-1DA7-48CA-9EA1-F24B0FE58AFC}.Release|x64.Deploy.0 = Release|Any CPU
		{B5B3CF50-1DA7-48CA-9EA1-F24B0FE58AFC}.Release|x86.ActiveCfg = Release|Any CPU
		{B5B3CF50-1DA7-48CA-9EA1-F24B0FE58AFC}.Release|x86.Build.0 = Release|Any CPU
		{B5B3CF50-1DA7-48CA-9EA1-F24B0FE58AFC}.Release|x86.Deploy.0 = Release|Any CPU
		{CFC76F16-AF69-433E-A769-130599A1C11B}.Debug|Any CPU.ActiveCfg = Debug|iPhone
		{CFC76F16-AF69-433E-A769-130599A1C11B}.Debug|Any CPU.Build.0 = Debug|iPhone
		{CFC76F16-AF69-433E-A769-130599A1C11B}.Debug|Any CPU.Deploy.0 = Debug|iPhone
		{CFC76F16-AF69-433E-A769-130599A1C11B}.Debug|ARM.ActiveCfg = Debug|iPhoneSimulator
		{CFC76F16-AF69-433E-A769-130599A1C11B}.Debug|ARM.Build.0 = Debug|iPhoneSimulator
		{CFC76F16-AF69-433E-A769-130599A1C11B}.Debug|ARM.Deploy.0 = Debug|iPhoneSimulator
		{CFC76F16-AF69-433E-A769-130599A1C11B}.Debug|iPhone.ActiveCfg = Debug|iPhone
		{CFC76F16-AF69-433E-A769-130599A1C11B}.Debug|iPhone.Build.0 = Debug|iPhone
		{CFC76F16-AF69-433E-A769-130599A1C11B}.Debug|iPhone.Deploy.0 = Debug|iPhone
		{CFC76F16-AF69-433E-A769-130599A1C11B}.Debug|iPhoneSimulator.ActiveCfg = Debug|iPhoneSimulator
		{CFC76F16-AF69-433E-A769-130599A1C11B}.Debug|iPhoneSimulator.Build.0 = Debug|iPhoneSimulator
		{CFC76F16-AF69-433E-A769-130599A1C11B}.Debug|iPhoneSimulator.Deploy.0 = Debug|iPhoneSimulator
		{CFC76F16-AF69-433E-A769-130599A1C11B}.Debug|x64.ActiveCfg = Debug|iPhone
		{CFC76F16-AF69-433E-A769-130599A1C11B}.Debug|x64.Build.0 = Debug|iPhone
		{CFC76F16-AF69-433E-A769-130599A1C11B}.Debug|x64.Deploy.0 = Debug|iPhone
		{CFC76F16-AF69-433E-A769-130599A1C11B}.Debug|x86.ActiveCfg = Debug|iPhone
		{CFC76F16-AF69-433E-A769-130599A1C11B}.Debug|x86.Build.0 = Debug|iPhone
		{CFC76F16-AF69-433E-A769-130599A1C11B}.Debug|x86.Deploy.0 = Debug|iPhone
		{CFC76F16-AF69-433E-A769-130599A1C11B}.Release|Any CPU.ActiveCfg = Release|iPhone
		{CFC76F16-AF69-433E-A769-130599A1C11B}.Release|Any CPU.Build.0 = Release|iPhone
		{CFC76F16-AF69-433E-A769-130599A1C11B}.Release|Any CPU.Deploy.0 = Release|iPhone
		{CFC76F16-AF69-433E-A769-130599A1C11B}.Release|ARM.ActiveCfg = Release|iPhone
		{CFC76F16-AF69-433E-A769-130599A1C11B}.Release|ARM.Build.0 = Release|iPhone
		{CFC76F16-AF69-433E-A769-130599A1C11B}.Release|ARM.Deploy.0 = Release|iPhone
		{CFC76F16-AF69-433E-A769-130599A1C11B}.Release|iPhone.ActiveCfg = Release|iPhone
		{CFC76F16-AF69-433E-A769-130599A1C11B}.Release|iPhone.Build.0 = Release|iPhone
		{CFC76F16-AF69-433E-A769-130599A1C11B}.Release|iPhone.Deploy.0 = Release|iPhone
		{CFC76F16-AF69-433E-A769-130599A1C11B}.Release|iPhoneSimulator.ActiveCfg = Release|iPhoneSimulator
		{CFC76F16-AF69-433E-A769-130599A1C11B}.Release|iPhoneSimulator.Build.0 = Release|iPhoneSimulator
		{CFC76F16-AF69-433E-A769-130599A1C11B}.Release|iPhoneSimulator.Deploy.0 = Release|iPhoneSimulator
		{CFC76F16-AF69-433E-A769-130599A1C11B}.Release|x64.ActiveCfg = Release|iPhone
		{CFC76F16-AF69-433E-A769-130599A1C11B}.Release|x64.Build.0 = Release|iPhone
		{CFC76F16-AF69-433E-A769-130599A1C11B}.Release|x64.Deploy.0 = Release|iPhone
		{CFC76F16-AF69-433E-A769-130599A1C11B}.Release|x86.ActiveCfg = Release|iPhone
		{CFC76F16-AF69-433E-A769-130599A1C11B}.Release|x86.Build.0 = Release|iPhone
		{CFC76F16-AF69-433E-A769-130599A1C11B}.Release|x86.Deploy.0 = Release|iPhone
		{3B1E7D45-73E7-4942-B0E8-8F689B1DFD84}.Debug|Any CPU.ActiveCfg = Debug|Any CPU
		{3B1E7D45-73E7-4942-B0E8-8F689B1DFD84}.Debug|Any CPU.Build.0 = Debug|Any CPU
		{3B1E7D45-73E7-4942-B0E8-8F689B1DFD84}.Debug|Any CPU.Deploy.0 = Debug|Any CPU
		{3B1E7D45-73E7-4942-B0E8-8F689B1DFD84}.Debug|ARM.ActiveCfg = Debug|Any CPU
		{3B1E7D45-73E7-4942-B0E8-8F689B1DFD84}.Debug|ARM.Build.0 = Debug|Any CPU
		{3B1E7D45-73E7-4942-B0E8-8F689B1DFD84}.Debug|ARM.Deploy.0 = Debug|Any CPU
		{3B1E7D45-73E7-4942-B0E8-8F689B1DFD84}.Debug|iPhone.ActiveCfg = Debug|Any CPU
		{3B1E7D45-73E7-4942-B0E8-8F689B1DFD84}.Debug|iPhone.Build.0 = Debug|Any CPU
		{3B1E7D45-73E7-4942-B0E8-8F689B1DFD84}.Debug|iPhone.Deploy.0 = Debug|Any CPU
		{3B1E7D45-73E7-4942-B0E8-8F689B1DFD84}.Debug|iPhoneSimulator.ActiveCfg = Debug|Any CPU
		{3B1E7D45-73E7-4942-B0E8-8F689B1DFD84}.Debug|iPhoneSimulator.Build.0 = Debug|Any CPU
		{3B1E7D45-73E7-4942-B0E8-8F689B1DFD84}.Debug|iPhoneSimulator.Deploy.0 = Debug|Any CPU
		{3B1E7D45-73E7-4942-B0E8-8F689B1DFD84}.Debug|x64.ActiveCfg = Debug|Any CPU
		{3B1E7D45-73E7-4942-B0E8-8F689B1DFD84}.Debug|x64.Build.0 = Debug|Any CPU
		{3B1E7D45-73E7-4942-B0E8-8F689B1DFD84}.Debug|x64.Deploy.0 = Debug|Any CPU
		{3B1E7D45-73E7-4942-B0E8-8F689B1DFD84}.Debug|x86.ActiveCfg = Debug|Any CPU
		{3B1E7D45-73E7-4942-B0E8-8F689B1DFD84}.Debug|x86.Build.0 = Debug|Any CPU
		{3B1E7D45-73E7-4942-B0E8-8F689B1DFD84}.Debug|x86.Deploy.0 = Debug|Any CPU
		{3B1E7D45-73E7-4942-B0E8-8F689B1DFD84}.Release|Any CPU.ActiveCfg = Release|Any CPU
		{3B1E7D45-73E7-4942-B0E8-8F689B1DFD84}.Release|Any CPU.Build.0 = Release|Any CPU
		{3B1E7D45-73E7-4942-B0E8-8F689B1DFD84}.Release|Any CPU.Deploy.0 = Release|Any CPU
		{3B1E7D45-73E7-4942-B0E8-8F689B1DFD84}.Release|ARM.ActiveCfg = Release|Any CPU
		{3B1E7D45-73E7-4942-B0E8-8F689B1DFD84}.Release|ARM.Build.0 = Release|Any CPU
		{3B1E7D45-73E7-4942-B0E8-8F689B1DFD84}.Release|ARM.Deploy.0 = Release|Any CPU
		{3B1E7D45-73E7-4942-B0E8-8F689B1DFD84}.Release|iPhone.ActiveCfg = Release|Any CPU
		{3B1E7D45-73E7-4942-B0E8-8F689B1DFD84}.Release|iPhone.Build.0 = Release|Any CPU
		{3B1E7D45-73E7-4942-B0E8-8F689B1DFD84}.Release|iPhone.Deploy.0 = Release|Any CPU
		{3B1E7D45-73E7-4942-B0E8-8F689B1DFD84}.Release|iPhoneSimulator.ActiveCfg = Release|Any CPU
		{3B1E7D45-73E7-4942-B0E8-8F689B1DFD84}.Release|iPhoneSimulator.Build.0 = Release|Any CPU
		{3B1E7D45-73E7-4942-B0E8-8F689B1DFD84}.Release|iPhoneSimulator.Deploy.0 = Release|Any CPU
		{3B1E7D45-73E7-4942-B0E8-8F689B1DFD84}.Release|x64.ActiveCfg = Release|Any CPU
		{3B1E7D45-73E7-4942-B0E8-8F689B1DFD84}.Release|x64.Build.0 = Release|Any CPU
		{3B1E7D45-73E7-4942-B0E8-8F689B1DFD84}.Release|x64.Deploy.0 = Release|Any CPU
		{3B1E7D45-73E7-4942-B0E8-8F689B1DFD84}.Release|x86.ActiveCfg = Release|Any CPU
		{3B1E7D45-73E7-4942-B0E8-8F689B1DFD84}.Release|x86.Build.0 = Release|Any CPU
		{3B1E7D45-73E7-4942-B0E8-8F689B1DFD84}.Release|x86.Deploy.0 = Release|Any CPU
	EndGlobalSection
	GlobalSection(SolutionProperties) = preSolution
		HideSolutionNode = FALSE
	EndGlobalSection
	GlobalSection(ExtensibilityGlobals) = postSolution
		SolutionGuid = {CCEF7E7F-730C-4DB4-A858-84BBE0C7B2BE}
	EndGlobalSection
EndGlobal
